
Microsoft Visual Studio Solution File, Format Version 12.00
# Visual Studio Version 16
VisualStudioVersion = 16.0.30128.74
MinimumVisualStudioVersion = 10.0.40219.1
Project("{FAE04EC0-301F-11D3-BF4B-00C04F79EFBC}") = "Laba3Task2", "Laba3Task2\Laba3Task2.csproj", "{C28C8CFD-D3D9-486D-9203-A26701164AAF}"
EndProject
Global
	GlobalSection(SolutionConfigurationPlatforms) = preSolution
		Debug|Any CPU = Debug|Any CPU
		Release|Any CPU = Release|Any CPU
	EndGlobalSection
	GlobalSection(ProjectConfigurationPlatforms) = postSolution
		{C28C8CFD-D3D9-486D-9203-A26701164AAF}.Debug|Any CPU.ActiveCfg = Debug|Any CPU
		{C28C8CFD-D3D9-486D-9203-A26701164AAF}.Debug|Any CPU.Build.0 = Debug|Any CPU
		{C28C8CFD-D3D9-486D-9203-A26701164AAF}.Release|Any CPU.ActiveCfg = Release|Any CPU
		{C28C8CFD-D3D9-486D-9203-A26701164AAF}.Release|Any CPU.Build.0 = Release|Any CPU
	EndGlobalSection
	GlobalSection(SolutionProperties) = preSolution
		HideSolutionNode = FALSE
	EndGlobalSection
	GlobalSection(ExtensibilityGlobals) = postSolution
		SolutionGuid = {2FDB3F62-94A6-4F4B-93E4-B509F781F7C7}
	EndGlobalSection
EndGlobal
